
Microsoft Visual Studio Solution File, Format Version 12.00
# Visual Studio Version 17
VisualStudioVersion = 17.13.35818.85 d17.13
MinimumVisualStudioVersion = 10.0.40219.1
Project("{FAE04EC0-301F-11D3-BF4B-00C04F79EFBC}") = "CoffeShopApp", "CoffeShopApp\CoffeShopApp.csproj", "{276C30F4-52EC-472A-ACEC-6712569C86ED}"
EndProject
Project("{FAE04EC0-301F-11D3-BF4B-00C04F79EFBC}") = "DAL", "DAL\DAL.csproj", "{51755380-5943-4FC2-80C2-7568A1961802}"
EndProject
Project("{FAE04EC0-301F-11D3-BF4B-00C04F79EFBC}") = "BLL", "BLL\BLL.csproj", "{2A0DFAEC-260E-4F74-8617-B21BDDF89B2D}"
EndProject
Global
	GlobalSection(SolutionConfigurationPlatforms) = preSolution
		Debug|Any CPU = Debug|Any CPU
		Release|Any CPU = Release|Any CPU
	EndGlobalSection
	GlobalSection(ProjectConfigurationPlatforms) = postSolution
		{276C30F4-52EC-472A-ACEC-6712569C86ED}.Debug|Any CPU.ActiveCfg = Debug|Any CPU
		{276C30F4-52EC-472A-ACEC-6712569C86ED}.Debug|Any CPU.Build.0 = Debug|Any CPU
		{276C30F4-52EC-472A-ACEC-6712569C86ED}.Release|Any CPU.ActiveCfg = Release|Any CPU
		{276C30F4-52EC-472A-ACEC-6712569C86ED}.Release|Any CPU.Build.0 = Release|Any CPU
		{51755380-5943-4FC2-80C2-7568A1961802}.Debug|Any CPU.ActiveCfg = Debug|Any CPU
		{51755380-5943-4FC2-80C2-7568A1961802}.Debug|Any CPU.Build.0 = Debug|Any CPU
		{51755380-5943-4FC2-80C2-7568A1961802}.Release|Any CPU.ActiveCfg = Release|Any CPU
		{51755380-5943-4FC2-80C2-7568A1961802}.Release|Any CPU.Build.0 = Release|Any CPU
		{2A0DFAEC-260E-4F74-8617-B21BDDF89B2D}.Debug|Any CPU.ActiveCfg = Debug|Any CPU
		{2A0DFAEC-260E-4F74-8617-B21BDDF89B2D}.Debug|Any CPU.Build.0 = Debug|Any CPU
		{2A0DFAEC-260E-4F74-8617-B21BDDF89B2D}.Release|Any CPU.ActiveCfg = Release|Any CPU
		{2A0DFAEC-260E-4F74-8617-B21BDDF89B2D}.Release|Any CPU.Build.0 = Release|Any CPU
	EndGlobalSection
	GlobalSection(SolutionProperties) = preSolution
		HideSolutionNode = FALSE
	EndGlobalSection
	GlobalSection(ExtensibilityGlobals) = postSolution
		SolutionGuid = {E2AE446B-21F2-416F-8303-EA302A340339}
	EndGlobalSection
EndGlobal
